// !$*UTF8*$!
{
	archiveVersion = 1;
	classes = {
	};
	objectVersion = 46;
	objects = {

/* Begin PBXAggregateTarget section */
		"DrawerHelper::DrawerHelperPackageTests::ProductTarget" /* DrawerHelperPackageTests */ = {
			isa = PBXAggregateTarget;
			buildConfigurationList = OBJ_43 /* Build configuration list for PBXAggregateTarget "DrawerHelperPackageTests" */;
			buildPhases = (
			);
			dependencies = (
				OBJ_46 /* PBXTargetDependency */,
			);
			name = DrawerHelperPackageTests;
			productName = DrawerHelperPackageTests;
		};
/* End PBXAggregateTarget section */

/* Begin PBXBuildFile section */
		OBJ_29 /* DrawerHandler.swift in Sources */ = {isa = PBXBuildFile; fileRef = OBJ_10 /* DrawerHandler.swift */; };
		OBJ_30 /* DrawerPanGestureHandler.swift in Sources */ = {isa = PBXBuildFile; fileRef = OBJ_11 /* DrawerPanGestureHandler.swift */; };
		OBJ_31 /* DrawerScrollHandler.swift in Sources */ = {isa = PBXBuildFile; fileRef = OBJ_12 /* DrawerScrollHandler.swift */; };
		OBJ_32 /* DrawerHelper.swift in Sources */ = {isa = PBXBuildFile; fileRef = OBJ_13 /* DrawerHelper.swift */; };
		OBJ_33 /* DrawerValueReceiver.swift in Sources */ = {isa = PBXBuildFile; fileRef = OBJ_14 /* DrawerValueReceiver.swift */; };
		OBJ_34 /* Utils.swift in Sources */ = {isa = PBXBuildFile; fileRef = OBJ_15 /* Utils.swift */; };
		OBJ_41 /* Package.swift in Sources */ = {isa = PBXBuildFile; fileRef = OBJ_6 /* Package.swift */; };
		OBJ_52 /* DrawerHelperTests.swift in Sources */ = {isa = PBXBuildFile; fileRef = OBJ_18 /* DrawerHelperTests.swift */; };
		OBJ_54 /* DrawerHelper.framework in Frameworks */ = {isa = PBXBuildFile; fileRef = "DrawerHelper::DrawerHelper::Product" /* DrawerHelper.framework */; };
/* End PBXBuildFile section */

/* Begin PBXContainerItemProxy section */
		E38736F426E75CD7002AAD5C /* PBXContainerItemProxy */ = {
			isa = PBXContainerItemProxy;
			containerPortal = OBJ_1 /* Project object */;
			proxyType = 1;
			remoteGlobalIDString = "DrawerHelper::DrawerHelper";
			remoteInfo = DrawerHelper;
		};
		E38736F526E75CD8002AAD5C /* PBXContainerItemProxy */ = {
			isa = PBXContainerItemProxy;
			containerPortal = OBJ_1 /* Project object */;
			proxyType = 1;
			remoteGlobalIDString = "DrawerHelper::DrawerHelperTests";
			remoteInfo = DrawerHelperTests;
		};
/* End PBXContainerItemProxy section */

/* Begin PBXFileReference section */
		"DrawerHelper::DrawerHelper::Product" /* DrawerHelper.framework */ = {isa = PBXFileReference; explicitFileType = wrapper.framework; path = DrawerHelper.framework; sourceTree = BUILT_PRODUCTS_DIR; };
		"DrawerHelper::DrawerHelperTests::Product" /* DrawerHelperTests.xctest */ = {isa = PBXFileReference; lastKnownFileType = file; path = DrawerHelperTests.xctest; sourceTree = BUILT_PRODUCTS_DIR; };
		OBJ_10 /* DrawerHandler.swift */ = {isa = PBXFileReference; lastKnownFileType = sourcecode.swift; path = DrawerHandler.swift; sourceTree = "<group>"; };
		OBJ_11 /* DrawerPanGestureHandler.swift */ = {isa = PBXFileReference; lastKnownFileType = sourcecode.swift; path = DrawerPanGestureHandler.swift; sourceTree = "<group>"; };
		OBJ_12 /* DrawerScrollHandler.swift */ = {isa = PBXFileReference; lastKnownFileType = sourcecode.swift; path = DrawerScrollHandler.swift; sourceTree = "<group>"; };
		OBJ_13 /* DrawerHelper.swift */ = {isa = PBXFileReference; lastKnownFileType = sourcecode.swift; path = DrawerHelper.swift; sourceTree = "<group>"; };
		OBJ_14 /* DrawerValueReceiver.swift */ = {isa = PBXFileReference; lastKnownFileType = sourcecode.swift; path = DrawerValueReceiver.swift; sourceTree = "<group>"; };
		OBJ_15 /* Utils.swift */ = {isa = PBXFileReference; lastKnownFileType = sourcecode.swift; path = Utils.swift; sourceTree = "<group>"; };
		OBJ_18 /* DrawerHelperTests.swift */ = {isa = PBXFileReference; lastKnownFileType = sourcecode.swift; path = DrawerHelperTests.swift; sourceTree = "<group>"; };
		OBJ_22 /* DrawerExample */ = {isa = PBXFileReference; lastKnownFileType = folder; path = DrawerExample; sourceTree = SOURCE_ROOT; };
		OBJ_23 /* README.md */ = {isa = PBXFileReference; lastKnownFileType = net.daringfireball.markdown; path = README.md; sourceTree = "<group>"; };
		OBJ_6 /* Package.swift */ = {isa = PBXFileReference; explicitFileType = sourcecode.swift; path = Package.swift; sourceTree = "<group>"; };
/* End PBXFileReference section */

/* Begin PBXFrameworksBuildPhase section */
		OBJ_35 /* Frameworks */ = {
			isa = PBXFrameworksBuildPhase;
			buildActionMask = 0;
			files = (
			);
			runOnlyForDeploymentPostprocessing = 0;
		};
		OBJ_53 /* Frameworks */ = {
			isa = PBXFrameworksBuildPhase;
			buildActionMask = 0;
			files = (
				OBJ_54 /* DrawerHelper.framework in Frameworks */,
			);
			runOnlyForDeploymentPostprocessing = 0;
		};
/* End PBXFrameworksBuildPhase section */

/* Begin PBXGroup section */
		OBJ_16 /* Tests */ = {
			isa = PBXGroup;
			children = (
				OBJ_17 /* DrawerHelperTests */,
			);
			name = Tests;
			sourceTree = SOURCE_ROOT;
		};
		OBJ_17 /* DrawerHelperTests */ = {
			isa = PBXGroup;
			children = (
				OBJ_18 /* DrawerHelperTests.swift */,
			);
			name = DrawerHelperTests;
			path = Tests/DrawerHelperTests;
			sourceTree = SOURCE_ROOT;
		};
		OBJ_19 /* Products */ = {
			isa = PBXGroup;
			children = (
				"DrawerHelper::DrawerHelper::Product" /* DrawerHelper.framework */,
				"DrawerHelper::DrawerHelperTests::Product" /* DrawerHelperTests.xctest */,
			);
			name = Products;
			sourceTree = BUILT_PRODUCTS_DIR;
		};
		OBJ_5 /*  */ = {
			isa = PBXGroup;
			children = (
				OBJ_6 /* Package.swift */,
				OBJ_7 /* Sources */,
				OBJ_16 /* Tests */,
				OBJ_19 /* Products */,
				OBJ_22 /* DrawerExample */,
				OBJ_23 /* README.md */,
			);
			name = "";
			sourceTree = "<group>";
		};
		OBJ_7 /* Sources */ = {
			isa = PBXGroup;
			children = (
				OBJ_8 /* DrawerHelper */,
			);
			name = Sources;
			sourceTree = SOURCE_ROOT;
		};
		OBJ_8 /* DrawerHelper */ = {
			isa = PBXGroup;
			children = (
				OBJ_9 /* DrawerHandlers */,
				OBJ_13 /* DrawerHelper.swift */,
				OBJ_14 /* DrawerValueReceiver.swift */,
				OBJ_15 /* Utils.swift */,
			);
			name = DrawerHelper;
			path = Sources/DrawerHelper;
			sourceTree = SOURCE_ROOT;
		};
		OBJ_9 /* DrawerHandlers */ = {
			isa = PBXGroup;
			children = (
				OBJ_10 /* DrawerHandler.swift */,
				OBJ_11 /* DrawerPanGestureHandler.swift */,
				OBJ_12 /* DrawerScrollHandler.swift */,
			);
			path = DrawerHandlers;
			sourceTree = "<group>";
		};
/* End PBXGroup section */

/* Begin PBXNativeTarget section */
		"DrawerHelper::DrawerHelper" /* DrawerHelper */ = {
			isa = PBXNativeTarget;
			buildConfigurationList = OBJ_25 /* Build configuration list for PBXNativeTarget "DrawerHelper" */;
			buildPhases = (
				OBJ_28 /* Sources */,
				OBJ_35 /* Frameworks */,
			);
			buildRules = (
			);
			dependencies = (
			);
			name = DrawerHelper;
			productName = DrawerHelper;
			productReference = "DrawerHelper::DrawerHelper::Product" /* DrawerHelper.framework */;
			productType = "com.apple.product-type.framework";
		};
		"DrawerHelper::DrawerHelperTests" /* DrawerHelperTests */ = {
			isa = PBXNativeTarget;
			buildConfigurationList = OBJ_48 /* Build configuration list for PBXNativeTarget "DrawerHelperTests" */;
			buildPhases = (
				OBJ_51 /* Sources */,
				OBJ_53 /* Frameworks */,
			);
			buildRules = (
			);
			dependencies = (
				OBJ_55 /* PBXTargetDependency */,
			);
			name = DrawerHelperTests;
			productName = DrawerHelperTests;
			productReference = "DrawerHelper::DrawerHelperTests::Product" /* DrawerHelperTests.xctest */;
			productType = "com.apple.product-type.bundle.unit-test";
		};
		"DrawerHelper::SwiftPMPackageDescription" /* DrawerHelperPackageDescription */ = {
			isa = PBXNativeTarget;
			buildConfigurationList = OBJ_37 /* Build configuration list for PBXNativeTarget "DrawerHelperPackageDescription" */;
			buildPhases = (
				OBJ_40 /* Sources */,
			);
			buildRules = (
			);
			dependencies = (
			);
			name = DrawerHelperPackageDescription;
			productName = DrawerHelperPackageDescription;
			productType = "com.apple.product-type.framework";
		};
/* End PBXNativeTarget section */

/* Begin PBXProject section */
		OBJ_1 /* Project object */ = {
			isa = PBXProject;
			attributes = {
				LastSwiftMigration = 9999;
				LastUpgradeCheck = 9999;
			};
			buildConfigurationList = OBJ_2 /* Build configuration list for PBXProject "DrawerHelper" */;
			compatibilityVersion = "Xcode 3.2";
			developmentRegion = en;
			hasScannedForEncodings = 0;
			knownRegions = (
				en,
			);
			mainGroup = OBJ_5 /*  */;
			productRefGroup = OBJ_19 /* Products */;
			projectDirPath = "";
			projectRoot = "";
			targets = (
				"DrawerHelper::DrawerHelper" /* DrawerHelper */,
				"DrawerHelper::SwiftPMPackageDescription" /* DrawerHelperPackageDescription */,
				"DrawerHelper::DrawerHelperPackageTests::ProductTarget" /* DrawerHelperPackageTests */,
				"DrawerHelper::DrawerHelperTests" /* DrawerHelperTests */,
			);
		};
/* End PBXProject section */

/* Begin PBXSourcesBuildPhase section */
		OBJ_28 /* Sources */ = {
			isa = PBXSourcesBuildPhase;
			buildActionMask = 0;
			files = (
				OBJ_29 /* DrawerHandler.swift in Sources */,
				OBJ_30 /* DrawerPanGestureHandler.swift in Sources */,
				OBJ_31 /* DrawerScrollHandler.swift in Sources */,
				OBJ_32 /* DrawerHelper.swift in Sources */,
				OBJ_33 /* DrawerValueReceiver.swift in Sources */,
				OBJ_34 /* Utils.swift in Sources */,
			);
			runOnlyForDeploymentPostprocessing = 0;
		};
		OBJ_40 /* Sources */ = {
			isa = PBXSourcesBuildPhase;
			buildActionMask = 0;
			files = (
				OBJ_41 /* Package.swift in Sources */,
			);
			runOnlyForDeploymentPostprocessing = 0;
		};
		OBJ_51 /* Sources */ = {
			isa = PBXSourcesBuildPhase;
			buildActionMask = 0;
			files = (
				OBJ_52 /* DrawerHelperTests.swift in Sources */,
			);
			runOnlyForDeploymentPostprocessing = 0;
		};
/* End PBXSourcesBuildPhase section */

/* Begin PBXTargetDependency section */
		OBJ_46 /* PBXTargetDependency */ = {
			isa = PBXTargetDependency;
			target = "DrawerHelper::DrawerHelperTests" /* DrawerHelperTests */;
			targetProxy = E38736F526E75CD8002AAD5C /* PBXContainerItemProxy */;
		};
		OBJ_55 /* PBXTargetDependency */ = {
			isa = PBXTargetDependency;
			target = "DrawerHelper::DrawerHelper" /* DrawerHelper */;
			targetProxy = E38736F426E75CD7002AAD5C /* PBXContainerItemProxy */;
		};
/* End PBXTargetDependency section */

/* Begin XCBuildConfiguration section */
		OBJ_26 /* Debug */ = {
			isa = XCBuildConfiguration;
			buildSettings = {
				CURRENT_PROJECT_VERSION = 1;
				ENABLE_TESTABILITY = YES;
				FRAMEWORK_SEARCH_PATHS = (
					"$(inherited)",
					"$(PLATFORM_DIR)/Developer/Library/Frameworks",
				);
				HEADER_SEARCH_PATHS = "$(inherited)";
				INFOPLIST_FILE = DrawerHelper.xcodeproj/DrawerHelper_Info.plist;
				IPHONEOS_DEPLOYMENT_TARGET = 9.0;
				LD_RUNPATH_SEARCH_PATHS = "$(inherited) $(TOOLCHAIN_DIR)/usr/lib/swift/macosx";
				MACOSX_DEPLOYMENT_TARGET = 10.10;
				OTHER_CFLAGS = "$(inherited)";
				OTHER_LDFLAGS = "$(inherited)";
				OTHER_SWIFT_FLAGS = "$(inherited)";
				PRODUCT_BUNDLE_IDENTIFIER = DrawerHelper;
				PRODUCT_MODULE_NAME = "$(TARGET_NAME:c99extidentifier)";
				PRODUCT_NAME = "$(TARGET_NAME:c99extidentifier)";
				SDKROOT = iphoneos;
				SKIP_INSTALL = YES;
				SUPPORTED_PLATFORMS = "iphonesimulator iphoneos appletvsimulator appletvos";
				SWIFT_ACTIVE_COMPILATION_CONDITIONS = "$(inherited)";
				SWIFT_VERSION = 5.0;
				TARGET_NAME = DrawerHelper;
				TVOS_DEPLOYMENT_TARGET = 9.0;
				WATCHOS_DEPLOYMENT_TARGET = 2.0;
			};
			name = Debug;
		};
		OBJ_27 /* Release */ = {
			isa = XCBuildConfiguration;
			buildSettings = {
				CURRENT_PROJECT_VERSION = 1;
				ENABLE_TESTABILITY = YES;
				FRAMEWORK_SEARCH_PATHS = (
					"$(inherited)",
					"$(PLATFORM_DIR)/Developer/Library/Frameworks",
				);
				HEADER_SEARCH_PATHS = "$(inherited)";
				INFOPLIST_FILE = DrawerHelper.xcodeproj/DrawerHelper_Info.plist;
				IPHONEOS_DEPLOYMENT_TARGET = 9.0;
				LD_RUNPATH_SEARCH_PATHS = "$(inherited) $(TOOLCHAIN_DIR)/usr/lib/swift/macosx";
				MACOSX_DEPLOYMENT_TARGET = 10.10;
				OTHER_CFLAGS = "$(inherited)";
				OTHER_LDFLAGS = "$(inherited)";
				OTHER_SWIFT_FLAGS = "$(inherited)";
				PRODUCT_BUNDLE_IDENTIFIER = DrawerHelper;
				PRODUCT_MODULE_NAME = "$(TARGET_NAME:c99extidentifier)";
				PRODUCT_NAME = "$(TARGET_NAME:c99extidentifier)";
				SDKROOT = iphoneos;
				SKIP_INSTALL = YES;
				SUPPORTED_PLATFORMS = "iphonesimulator iphoneos appletvsimulator appletvos";
				SWIFT_ACTIVE_COMPILATION_CONDITIONS = "$(inherited)";
				SWIFT_VERSION = 5.0;
				TARGET_NAME = DrawerHelper;
				TVOS_DEPLOYMENT_TARGET = 9.0;
				WATCHOS_DEPLOYMENT_TARGET = 2.0;
			};
			name = Release;
		};
		OBJ_3 /* Debug */ = {
			isa = XCBuildConfiguration;
			buildSettings = {
				CLANG_ENABLE_OBJC_ARC = YES;
				COMBINE_HIDPI_IMAGES = YES;
				COPY_PHASE_STRIP = NO;
				DEBUG_INFORMATION_FORMAT = dwarf;
				DYLIB_INSTALL_NAME_BASE = "@rpath";
				ENABLE_NS_ASSERTIONS = YES;
				GCC_OPTIMIZATION_LEVEL = 0;
				GCC_PREPROCESSOR_DEFINITIONS = (
					"$(inherited)",
					"SWIFT_PACKAGE=1",
					"DEBUG=1",
				);
				IPHONEOS_DEPLOYMENT_TARGET = 9.0;
				MACOSX_DEPLOYMENT_TARGET = 10.10;
				ONLY_ACTIVE_ARCH = YES;
				OTHER_SWIFT_FLAGS = "$(inherited) -DXcode";
				PRODUCT_NAME = "$(TARGET_NAME)";
				SDKROOT = iphoneos;
				SUPPORTED_PLATFORMS = "$(AVAILABLE_PLATFORMS)";
				SUPPORTS_MACCATALYST = YES;
				SWIFT_ACTIVE_COMPILATION_CONDITIONS = "$(inherited) SWIFT_PACKAGE DEBUG";
				SWIFT_OPTIMIZATION_LEVEL = "-Onone";
				USE_HEADERMAP = NO;
			};
			name = Debug;
		};
		OBJ_38 /* Debug */ = {
			isa = XCBuildConfiguration;
			buildSettings = {
				LD = /usr/bin/true;
				OTHER_SWIFT_FLAGS = "-swift-version 5 -I $(TOOLCHAIN_DIR)/usr/lib/swift/pm/4_2 -sdk /Applications/Xcode.app/Contents/Developer/Platforms/MacOSX.platform/Developer/SDKs/MacOSX11.3.sdk -package-description-version 5.0.0";
				SUPPORTED_PLATFORMS = "iphonesimulator iphoneos appletvos appletvsimulator";
				SWIFT_VERSION = 5.0;
			};
			name = Debug;
		};
		OBJ_39 /* Release */ = {
			isa = XCBuildConfiguration;
			buildSettings = {
				LD = /usr/bin/true;
				OTHER_SWIFT_FLAGS = "-swift-version 5 -I $(TOOLCHAIN_DIR)/usr/lib/swift/pm/4_2 -sdk /Applications/Xcode.app/Contents/Developer/Platforms/MacOSX.platform/Developer/SDKs/MacOSX11.3.sdk -package-description-version 5.0.0";
				SUPPORTED_PLATFORMS = "iphonesimulator iphoneos appletvos appletvsimulator";
				SWIFT_VERSION = 5.0;
			};
			name = Release;
		};
		OBJ_4 /* Release */ = {
			isa = XCBuildConfiguration;
			buildSettings = {
				CLANG_ENABLE_OBJC_ARC = YES;
				COMBINE_HIDPI_IMAGES = YES;
				COPY_PHASE_STRIP = YES;
				DEBUG_INFORMATION_FORMAT = "dwarf-with-dsym";
				DYLIB_INSTALL_NAME_BASE = "@rpath";
				GCC_OPTIMIZATION_LEVEL = s;
				GCC_PREPROCESSOR_DEFINITIONS = (
					"$(inherited)",
					"SWIFT_PACKAGE=1",
				);
				IPHONEOS_DEPLOYMENT_TARGET = 9.0;
				MACOSX_DEPLOYMENT_TARGET = 10.10;
				OTHER_SWIFT_FLAGS = "$(inherited) -DXcode";
				PRODUCT_NAME = "$(TARGET_NAME)";
				SDKROOT = iphoneos;
				SUPPORTED_PLATFORMS = "$(AVAILABLE_PLATFORMS)";
				SUPPORTS_MACCATALYST = YES;
				SWIFT_ACTIVE_COMPILATION_CONDITIONS = "$(inherited) SWIFT_PACKAGE";
				SWIFT_OPTIMIZATION_LEVEL = "-Owholemodule";
				USE_HEADERMAP = NO;
			};
			name = Release;
		};
		OBJ_44 /* Debug */ = {
			isa = XCBuildConfiguration;
			buildSettings = {
			};
			name = Debug;
		};
		OBJ_45 /* Release */ = {
			isa = XCBuildConfiguration;
			buildSettings = {
			};
			name = Release;
		};
		OBJ_49 /* Debug */ = {
			isa = XCBuildConfiguration;
			buildSettings = {
				CLANG_ENABLE_MODULES = YES;
				CURRENT_PROJECT_VERSION = 1;
				EMBEDDED_CONTENT_CONTAINS_SWIFT = YES;
				FRAMEWORK_SEARCH_PATHS = (
					"$(inherited)",
					"$(PLATFORM_DIR)/Developer/Library/Frameworks",
				);
				HEADER_SEARCH_PATHS = "$(inherited)";
				INFOPLIST_FILE = DrawerHelper.xcodeproj/DrawerHelperTests_Info.plist;
				IPHONEOS_DEPLOYMENT_TARGET = 14.0;
				LD_RUNPATH_SEARCH_PATHS = "$(inherited) @loader_path/../Frameworks @loader_path/Frameworks";
				MACOSX_DEPLOYMENT_TARGET = 10.15;
				OTHER_CFLAGS = "$(inherited)";
				OTHER_LDFLAGS = "$(inherited)";
				OTHER_SWIFT_FLAGS = "$(inherited)";
				SWIFT_ACTIVE_COMPILATION_CONDITIONS = "$(inherited)";
				SWIFT_VERSION = 5.0;
				TARGET_NAME = DrawerHelperTests;
				TVOS_DEPLOYMENT_TARGET = 9.0;
				WATCHOS_DEPLOYMENT_TARGET = 7.0;
			};
			name = Debug;
		};
		OBJ_50 /* Release */ = {
			isa = XCBuildConfiguration;
			buildSettings = {
				CLANG_ENABLE_MODULES = YES;
				CURRENT_PROJECT_VERSION = 1;
				EMBEDDED_CONTENT_CONTAINS_SWIFT = YES;
				FRAMEWORK_SEARCH_PATHS = (
					"$(inherited)",
					"$(PLATFORM_DIR)/Developer/Library/Frameworks",
				);
				HEADER_SEARCH_PATHS = "$(inherited)";
				INFOPLIST_FILE = DrawerHelper.xcodeproj/DrawerHelperTests_Info.plist;
				IPHONEOS_DEPLOYMENT_TARGET = 14.0;
				LD_RUNPATH_SEARCH_PATHS = "$(inherited) @loader_path/../Frameworks @loader_path/Frameworks";
				MACOSX_DEPLOYMENT_TARGET = 10.15;
				OTHER_CFLAGS = "$(inherited)";
				OTHER_LDFLAGS = "$(inherited)";
				OTHER_SWIFT_FLAGS = "$(inherited)";
				SWIFT_ACTIVE_COMPILATION_CONDITIONS = "$(inherited)";
				SWIFT_VERSION = 5.0;
				TARGET_NAME = DrawerHelperTests;
				TVOS_DEPLOYMENT_TARGET = 9.0;
				WATCHOS_DEPLOYMENT_TARGET = 7.0;
			};
			name = Release;
		};
/* End XCBuildConfiguration section */

/* Begin XCConfigurationList section */
		OBJ_2 /* Build configuration list for PBXProject "DrawerHelper" */ = {
			isa = XCConfigurationList;
			buildConfigurations = (
				OBJ_3 /* Debug */,
				OBJ_4 /* Release */,
			);
			defaultConfigurationIsVisible = 0;
			defaultConfigurationName = Release;
		};
		OBJ_25 /* Build configuration list for PBXNativeTarget "DrawerHelper" */ = {
			isa = XCConfigurationList;
			buildConfigurations = (
				OBJ_26 /* Debug */,
				OBJ_27 /* Release */,
			);
			defaultConfigurationIsVisible = 0;
			defaultConfigurationName = Release;
		};
		OBJ_37 /* Build configuration list for PBXNativeTarget "DrawerHelperPackageDescription" */ = {
			isa = XCConfigurationList;
			buildConfigurations = (
				OBJ_38 /* Debug */,
				OBJ_39 /* Release */,
			);
			defaultConfigurationIsVisible = 0;
			defaultConfigurationName = Release;
		};
		OBJ_43 /* Build configuration list for PBXAggregateTarget "DrawerHelperPackageTests" */ = {
			isa = XCConfigurationList;
			buildConfigurations = (
				OBJ_44 /* Debug */,
				OBJ_45 /* Release */,
			);
			defaultConfigurationIsVisible = 0;
			defaultConfigurationName = Release;
		};
		OBJ_48 /* Build configuration list for PBXNativeTarget "DrawerHelperTests" */ = {
			isa = XCConfigurationList;
			buildConfigurations = (
				OBJ_49 /* Debug */,
				OBJ_50 /* Release */,
			);
			defaultConfigurationIsVisible = 0;
			defaultConfigurationName = Release;
		};
/* End XCConfigurationList section */
	};
	rootObject = OBJ_1 /* Project object */;
}
