{
  "object": {
    "pins": [
      {
        "package": "DrawerHelper",
        "repositoryURL": "https://github.com/romdevios/DrawerHelper",
        "state": {
          "branch": null,
          "revision": "0d51e6c316d785faabdf7d7d484b870a4cbfb1cf",
          "version": "0.1.0"
        }
      }
    ]
  },
  "version": 1
}
